// !$*UTF8*$!
{
	archiveVersion = 1;
	classes = {
	};
	objectVersion = 46;
	objects = {

/* Begin PBXBuildFile section */
		6A17C3451EF6EC600047CBA5 /* AppDelegate.swift in Sources */ = {isa = PBXBuildFile; fileRef = 6A17C3441EF6EC600047CBA5 /* AppDelegate.swift */; };
		6A17C3471EF6EC600047CBA5 /* ViewController.swift in Sources */ = {isa = PBXBuildFile; fileRef = 6A17C3461EF6EC600047CBA5 /* ViewController.swift */; };
		6A17C34A1EF6EC610047CBA5 /* Main.storyboard in Resources */ = {isa = PBXBuildFile; fileRef = 6A17C3481EF6EC610047CBA5 /* Main.storyboard */; };
		6A17C34C1EF6EC610047CBA5 /* Assets.xcassets in Resources */ = {isa = PBXBuildFile; fileRef = 6A17C34B1EF6EC610047CBA5 /* Assets.xcassets */; };
		6A17C34F1EF6EC610047CBA5 /* LaunchScreen.storyboard in Resources */ = {isa = PBXBuildFile; fileRef = 6A17C34D1EF6EC610047CBA5 /* LaunchScreen.storyboard */; };
		6A17C35A1EF6EC610047CBA5 /* Watson_ChatTests.swift in Sources */ = {isa = PBXBuildFile; fileRef = 6A17C3591EF6EC610047CBA5 /* Watson_ChatTests.swift */; };
/* End PBXBuildFile section */

/* Begin PBXContainerItemProxy section */
		6A17C3561EF6EC610047CBA5 /* PBXContainerItemProxy */ = {
			isa = PBXContainerItemProxy;
			containerPortal = 6A17C3391EF6EC5D0047CBA5 /* Project object */;
			proxyType = 1;
			remoteGlobalIDString = 6A17C3401EF6EC5F0047CBA5;
			remoteInfo = "Watson-Chat";
		};
/* End PBXContainerItemProxy section */

/* Begin PBXFileReference section */
		6A17C3411EF6EC600047CBA5 /* Watson-Chat.app */ = {isa = PBXFileReference; explicitFileType = wrapper.application; includeInIndex = 0; path = "Watson-Chat.app"; sourceTree = BUILT_PRODUCTS_DIR; };
		6A17C3441EF6EC600047CBA5 /* AppDelegate.swift */ = {isa = PBXFileReference; lastKnownFileType = sourcecode.swift; path = AppDelegate.swift; sourceTree = "<group>"; };
		6A17C3461EF6EC600047CBA5 /* ViewController.swift */ = {isa = PBXFileReference; lastKnownFileType = sourcecode.swift; path = ViewController.swift; sourceTree = "<group>"; };
		6A17C3491EF6EC610047CBA5 /* Base */ = {isa = PBXFileReference; lastKnownFileType = file.storyboard; name = Base; path = Base.lproj/Main.storyboard; sourceTree = "<group>"; };
		6A17C34B1EF6EC610047CBA5 /* Assets.xcassets */ = {isa = PBXFileReference; lastKnownFileType = folder.assetcatalog; path = Assets.xcassets; sourceTree = "<group>"; };
		6A17C34E1EF6EC610047CBA5 /* Base */ = {isa = PBXFileReference; lastKnownFileType = file.storyboard; name = Base; path = Base.lproj/LaunchScreen.storyboard; sourceTree = "<group>"; };
		6A17C3501EF6EC610047CBA5 /* Info.plist */ = {isa = PBXFileReference; lastKnownFileType = text.plist.xml; path = Info.plist; sourceTree = "<group>"; };
		6A17C3551EF6EC610047CBA5 /* Watson-ChatTests.xctest */ = {isa = PBXFileReference; explicitFileType = wrapper.cfbundle; includeInIndex = 0; path = "Watson-ChatTests.xctest"; sourceTree = BUILT_PRODUCTS_DIR; };
		6A17C3591EF6EC610047CBA5 /* Watson_ChatTests.swift */ = {isa = PBXFileReference; lastKnownFileType = sourcecode.swift; path = Watson_ChatTests.swift; sourceTree = "<group>"; };
		6A17C35B1EF6EC610047CBA5 /* Info.plist */ = {isa = PBXFileReference; lastKnownFileType = text.plist.xml; path = Info.plist; sourceTree = "<group>"; };
/* End PBXFileReference section */

/* Begin PBXFrameworksBuildPhase section */
		6A17C33E1EF6EC5F0047CBA5 /* Frameworks */ = {
			isa = PBXFrameworksBuildPhase;
			buildActionMask = 2147483647;
			files = (
			);
			runOnlyForDeploymentPostprocessing = 0;
		};
		6A17C3521EF6EC610047CBA5 /* Frameworks */ = {
			isa = PBXFrameworksBuildPhase;
			buildActionMask = 2147483647;
			files = (
			);
			runOnlyForDeploymentPostprocessing = 0;
		};
/* End PBXFrameworksBuildPhase section */

/* Begin PBXGroup section */
		6A17C3381EF6EC5B0047CBA5 = {
			isa = PBXGroup;
			children = (
				6A17C3431EF6EC600047CBA5 /* Watson-Chat */,
				6A17C3581EF6EC610047CBA5 /* Watson-ChatTests */,
				6A17C3421EF6EC600047CBA5 /* Products */,
			);
			sourceTree = "<group>";
		};
		6A17C3421EF6EC600047CBA5 /* Products */ = {
			isa = PBXGroup;
			children = (
				6A17C3411EF6EC600047CBA5 /* Watson-Chat.app */,
				6A17C3551EF6EC610047CBA5 /* Watson-ChatTests.xctest */,
			);
			name = Products;
			sourceTree = "<group>";
		};
		6A17C3431EF6EC600047CBA5 /* Watson-Chat */ = {
			isa = PBXGroup;
			children = (
				6A649A0E1FD8E7BF006D55AA /* Model */,
				6A649A0D1FD8E7AA006D55AA /* View */,
				6A649A0C1FD8E7A0006D55AA /* Controller */,
				6A17C3441EF6EC600047CBA5 /* AppDelegate.swift */,
				6A17C3481EF6EC610047CBA5 /* Main.storyboard */,
				6A17C34B1EF6EC610047CBA5 /* Assets.xcassets */,
				6A17C34D1EF6EC610047CBA5 /* LaunchScreen.storyboard */,
				6A17C3501EF6EC610047CBA5 /* Info.plist */,
			);
			path = "Watson-Chat";
			sourceTree = "<group>";
		};
		6A17C3581EF6EC610047CBA5 /* Watson-ChatTests */ = {
			isa = PBXGroup;
			children = (
				6A17C3591EF6EC610047CBA5 /* Watson_ChatTests.swift */,
				6A17C35B1EF6EC610047CBA5 /* Info.plist */,
			);
			path = "Watson-ChatTests";
			sourceTree = "<group>";
		};
		6A649A0C1FD8E7A0006D55AA /* Controller */ = {
			isa = PBXGroup;
			children = (
				6A17C3461EF6EC600047CBA5 /* ViewController.swift */,
			);
			name = Controller;
			sourceTree = "<group>";
		};
		6A649A0D1FD8E7AA006D55AA /* View */ = {
			isa = PBXGroup;
			children = (
			);
			name = View;
			sourceTree = "<group>";
		};
		6A649A0E1FD8E7BF006D55AA /* Model */ = {
			isa = PBXGroup;
			children = (
			);
			name = Model;
			sourceTree = "<group>";
		};
/* End PBXGroup section */

/* Begin PBXNativeTarget section */
		6A17C3401EF6EC5F0047CBA5 /* Watson-Chat */ = {
			isa = PBXNativeTarget;
			buildConfigurationList = 6A17C35E1EF6EC620047CBA5 /* Build configuration list for PBXNativeTarget "Watson-Chat" */;
			buildPhases = (
				6A17C33D1EF6EC5F0047CBA5 /* Sources */,
				6A17C33E1EF6EC5F0047CBA5 /* Frameworks */,
				6A17C33F1EF6EC5F0047CBA5 /* Resources */,
				6A8798921F9C5EC000823BCE /* ShellScript */,
			);
			buildRules = (
			);
			dependencies = (
			);
			name = "Watson-Chat";
			productName = "Watson-Chat";
			productReference = 6A17C3411EF6EC600047CBA5 /* Watson-Chat.app */;
			productType = "com.apple.product-type.application";
		};
		6A17C3541EF6EC610047CBA5 /* Watson-ChatTests */ = {
			isa = PBXNativeTarget;
			buildConfigurationList = 6A17C3611EF6EC620047CBA5 /* Build configuration list for PBXNativeTarget "Watson-ChatTests" */;
			buildPhases = (
				6A17C3511EF6EC610047CBA5 /* Sources */,
				6A17C3521EF6EC610047CBA5 /* Frameworks */,
				6A17C3531EF6EC610047CBA5 /* Resources */,
			);
			buildRules = (
			);
			dependencies = (
				6A17C3571EF6EC610047CBA5 /* PBXTargetDependency */,
			);
			name = "Watson-ChatTests";
			productName = "Watson-ChatTests";
			productReference = 6A17C3551EF6EC610047CBA5 /* Watson-ChatTests.xctest */;
			productType = "com.apple.product-type.bundle.unit-test";
		};
/* End PBXNativeTarget section */

/* Begin PBXProject section */
		6A17C3391EF6EC5D0047CBA5 /* Project object */ = {
			isa = PBXProject;
			attributes = {
				LastSwiftUpdateCheck = 0830;
				LastUpgradeCheck = 1010;
				ORGANIZATIONNAME = "C McGhee";
				TargetAttributes = {
					6A17C3401EF6EC5F0047CBA5 = {
						CreatedOnToolsVersion = 8.3.2;
						DevelopmentTeam = 48HD6AZC2E;
						LastSwiftMigration = 1010;
						ProvisioningStyle = Automatic;
					};
					6A17C3541EF6EC610047CBA5 = {
						CreatedOnToolsVersion = 8.3.2;
						DevelopmentTeam = 48HD6AZC2E;
						LastSwiftMigration = 1010;
						ProvisioningStyle = Automatic;
						TestTargetID = 6A17C3401EF6EC5F0047CBA5;
					};
				};
			};
			buildConfigurationList = 6A17C33C1EF6EC5E0047CBA5 /* Build configuration list for PBXProject "Watson-Chat" */;
			compatibilityVersion = "Xcode 3.2";
			developmentRegion = English;
			hasScannedForEncodings = 0;
			knownRegions = (
				en,
				Base,
			);
			mainGroup = 6A17C3381EF6EC5B0047CBA5;
			productRefGroup = 6A17C3421EF6EC600047CBA5 /* Products */;
			projectDirPath = "";
			projectRoot = "";
			targets = (
				6A17C3401EF6EC5F0047CBA5 /* Watson-Chat */,
				6A17C3541EF6EC610047CBA5 /* Watson-ChatTests */,
			);
		};
/* End PBXProject section */

/* Begin PBXResourcesBuildPhase section */
		6A17C33F1EF6EC5F0047CBA5 /* Resources */ = {
			isa = PBXResourcesBuildPhase;
			buildActionMask = 2147483647;
			files = (
				6A17C34F1EF6EC610047CBA5 /* LaunchScreen.storyboard in Resources */,
				6A17C34C1EF6EC610047CBA5 /* Assets.xcassets in Resources */,
				6A17C34A1EF6EC610047CBA5 /* Main.storyboard in Resources */,
			);
			runOnlyForDeploymentPostprocessing = 0;
		};
		6A17C3531EF6EC610047CBA5 /* Resources */ = {
			isa = PBXResourcesBuildPhase;
			buildActionMask = 2147483647;
			files = (
			);
			runOnlyForDeploymentPostprocessing = 0;
		};
/* End PBXResourcesBuildPhase section */

/* Begin PBXShellScriptBuildPhase section */
		6A8798921F9C5EC000823BCE /* ShellScript */ = {
			isa = PBXShellScriptBuildPhase;
			buildActionMask = 2147483647;
			files = (
			);
			inputPaths = (
			);
			outputPaths = (
			);
			runOnlyForDeploymentPostprocessing = 0;
			shellPath = /bin/sh;
			shellScript = "
";
		};
/* End PBXShellScriptBuildPhase section */

/* Begin PBXSourcesBuildPhase section */
		6A17C33D1EF6EC5F0047CBA5 /* Sources */ = {
			isa = PBXSourcesBuildPhase;
			buildActionMask = 2147483647;
			files = (
				6A17C3471EF6EC600047CBA5 /* ViewController.swift in Sources */,
				6A17C3451EF6EC600047CBA5 /* AppDelegate.swift in Sources */,
			);
			runOnlyForDeploymentPostprocessing = 0;
		};
		6A17C3511EF6EC610047CBA5 /* Sources */ = {
			isa = PBXSourcesBuildPhase;
			buildActionMask = 2147483647;
			files = (
				6A17C35A1EF6EC610047CBA5 /* Watson_ChatTests.swift in Sources */,
			);
			runOnlyForDeploymentPostprocessing = 0;
		};
/* End PBXSourcesBuildPhase section */

/* Begin PBXTargetDependency section */
		6A17C3571EF6EC610047CBA5 /* PBXTargetDependency */ = {
			isa = PBXTargetDependency;
			target = 6A17C3401EF6EC5F0047CBA5 /* Watson-Chat */;
			targetProxy = 6A17C3561EF6EC610047CBA5 /* PBXContainerItemProxy */;
		};
/* End PBXTargetDependency section */

/* Begin PBXVariantGroup section */
		6A17C3481EF6EC610047CBA5 /* Main.storyboard */ = {
			isa = PBXVariantGroup;
			children = (
				6A17C3491EF6EC610047CBA5 /* Base */,
			);
			name = Main.storyboard;
			sourceTree = "<group>";
		};
		6A17C34D1EF6EC610047CBA5 /* LaunchScreen.storyboard */ = {
			isa = PBXVariantGroup;
			children = (
				6A17C34E1EF6EC610047CBA5 /* Base */,
			);
			name = LaunchScreen.storyboard;
			sourceTree = "<group>";
		};
/* End PBXVariantGroup section */

/* Begin XCBuildConfiguration section */
		6A17C35C1EF6EC620047CBA5 /* Debug */ = {
			isa = XCBuildConfiguration;
			buildSettings = {
				ALWAYS_SEARCH_USER_PATHS = NO;
				CLANG_ANALYZER_NONNULL = YES;
				CLANG_ANALYZER_NUMBER_OBJECT_CONVERSION = YES_AGGRESSIVE;
				CLANG_CXX_LANGUAGE_STANDARD = "gnu++0x";
				CLANG_CXX_LIBRARY = "libc++";
				CLANG_ENABLE_MODULES = YES;
				CLANG_ENABLE_OBJC_ARC = YES;
				CLANG_WARN_BLOCK_CAPTURE_AUTORELEASING = YES;
				CLANG_WARN_BOOL_CONVERSION = YES;
				CLANG_WARN_COMMA = YES;
				CLANG_WARN_CONSTANT_CONVERSION = YES;
				CLANG_WARN_DEPRECATED_OBJC_IMPLEMENTATIONS = YES;
				CLANG_WARN_DIRECT_OBJC_ISA_USAGE = YES_ERROR;
				CLANG_WARN_DOCUMENTATION_COMMENTS = YES;
				CLANG_WARN_EMPTY_BODY = YES;
				CLANG_WARN_ENUM_CONVERSION = YES;
				CLANG_WARN_INFINITE_RECURSION = YES;
				CLANG_WARN_INT_CONVERSION = YES;
				CLANG_WARN_NON_LITERAL_NULL_CONVERSION = YES;
				CLANG_WARN_OBJC_IMPLICIT_RETAIN_SELF = YES;
				CLANG_WARN_OBJC_LITERAL_CONVERSION = YES;
				CLANG_WARN_OBJC_ROOT_CLASS = YES_ERROR;
				CLANG_WARN_RANGE_LOOP_ANALYSIS = YES;
				CLANG_WARN_STRICT_PROTOTYPES = YES;
				CLANG_WARN_SUSPICIOUS_MOVE = YES;
				CLANG_WARN_UNREACHABLE_CODE = YES;
				CLANG_WARN__DUPLICATE_METHOD_MATCH = YES;
				"CODE_SIGN_IDENTITY[sdk=iphoneos*]" = "iPhone Developer";
				COPY_PHASE_STRIP = NO;
				DEBUG_INFORMATION_FORMAT = dwarf;
				ENABLE_STRICT_OBJC_MSGSEND = YES;
				ENABLE_TESTABILITY = YES;
				GCC_C_LANGUAGE_STANDARD = gnu99;
				GCC_DYNAMIC_NO_PIC = NO;
				GCC_NO_COMMON_BLOCKS = YES;
				GCC_OPTIMIZATION_LEVEL = 0;
				GCC_PREPROCESSOR_DEFINITIONS = (
					"DEBUG=1",
					"$(inherited)",
				);
				GCC_WARN_64_TO_32_BIT_CONVERSION = YES;
				GCC_WARN_ABOUT_RETURN_TYPE = YES_ERROR;
				GCC_WARN_UNDECLARED_SELECTOR = YES;
				GCC_WARN_UNINITIALIZED_AUTOS = YES_AGGRESSIVE;
				GCC_WARN_UNUSED_FUNCTION = YES;
				GCC_WARN_UNUSED_VARIABLE = YES;
				IPHONEOS_DEPLOYMENT_TARGET = 10.0;
				MTL_ENABLE_DEBUG_INFO = YES;
				ONLY_ACTIVE_ARCH = YES;
				SDKROOT = iphoneos;
				SWIFT_ACTIVE_COMPILATION_CONDITIONS = DEBUG;
				SWIFT_OPTIMIZATION_LEVEL = "-Onone";
				SWIFT_VERSION = 4.0;
				TARGETED_DEVICE_FAMILY = "1,2";
			};
			name = Debug;
		};
		6A17C35D1EF6EC620047CBA5 /* Release */ = {
			isa = XCBuildConfiguration;
			buildSettings = {
				ALWAYS_SEARCH_USER_PATHS = NO;
				CLANG_ANALYZER_NONNULL = YES;
				CLANG_ANALYZER_NUMBER_OBJECT_CONVERSION = YES_AGGRESSIVE;
				CLANG_CXX_LANGUAGE_STANDARD = "gnu++0x";
				CLANG_CXX_LIBRARY = "libc++";
				CLANG_ENABLE_MODULES = YES;
				CLANG_ENABLE_OBJC_ARC = YES;
				CLANG_WARN_BLOCK_CAPTURE_AUTORELEASING = YES;
				CLANG_WARN_BOOL_CONVERSION = YES;
				CLANG_WARN_COMMA = YES;
				CLANG_WARN_CONSTANT_CONVERSION = YES;
				CLANG_WARN_DEPRECATED_OBJC_IMPLEMENTATIONS = YES;
				CLANG_WARN_DIRECT_OBJC_ISA_USAGE = YES_ERROR;
				CLANG_WARN_DOCUMENTATION_COMMENTS = YES;
				CLANG_WARN_EMPTY_BODY = YES;
				CLANG_WARN_ENUM_CONVERSION = YES;
				CLANG_WARN_INFINITE_RECURSION = YES;
				CLANG_WARN_INT_CONVERSION = YES;
				CLANG_WARN_NON_LITERAL_NULL_CONVERSION = YES;
				CLANG_WARN_OBJC_IMPLICIT_RETAIN_SELF = YES;
				CLANG_WARN_OBJC_LITERAL_CONVERSION = YES;
				CLANG_WARN_OBJC_ROOT_CLASS = YES_ERROR;
				CLANG_WARN_RANGE_LOOP_ANALYSIS = YES;
				CLANG_WARN_STRICT_PROTOTYPES = YES;
				CLANG_WARN_SUSPICIOUS_MOVE = YES;
				CLANG_WARN_UNREACHABLE_CODE = YES;
				CLANG_WARN__DUPLICATE_METHOD_MATCH = YES;
				"CODE_SIGN_IDENTITY[sdk=iphoneos*]" = "iPhone Developer";
				COPY_PHASE_STRIP = NO;
				DEBUG_INFORMATION_FORMAT = "dwarf-with-dsym";
				ENABLE_NS_ASSERTIONS = NO;
				ENABLE_STRICT_OBJC_MSGSEND = YES;
				GCC_C_LANGUAGE_STANDARD = gnu99;
				GCC_NO_COMMON_BLOCKS = YES;
				GCC_WARN_64_TO_32_BIT_CONVERSION = YES;
				GCC_WARN_ABOUT_RETURN_TYPE = YES_ERROR;
				GCC_WARN_UNDECLARED_SELECTOR = YES;
				GCC_WARN_UNINITIALIZED_AUTOS = YES_AGGRESSIVE;
				GCC_WARN_UNUSED_FUNCTION = YES;
				GCC_WARN_UNUSED_VARIABLE = YES;
				IPHONEOS_DEPLOYMENT_TARGET = 10.0;
				MTL_ENABLE_DEBUG_INFO = NO;
				SDKROOT = iphoneos;
				SWIFT_OPTIMIZATION_LEVEL = "-Owholemodule";
				SWIFT_VERSION = 4.0;
				TARGETED_DEVICE_FAMILY = "1,2";
				VALIDATE_PRODUCT = YES;
			};
			name = Release;
		};
		6A17C35F1EF6EC620047CBA5 /* Debug */ = {
			isa = XCBuildConfiguration;
			buildSettings = {
				ASSETCATALOG_COMPILER_APPICON_NAME = AppIcon;
				DEVELOPMENT_TEAM = 48HD6AZC2E;
				FRAMEWORK_SEARCH_PATHS = (
					"$(inherited)",
					"$(PROJECT_DIR)/Carthage/Build/iOS",
					"$(PROJECT_DIR)",
					"$(PROJECT_DIR)/build/Debug-iphoneos",
				);
				INFOPLIST_FILE = "Watson-Chat/Info.plist";
				IPHONEOS_DEPLOYMENT_TARGET = 9.0;
				LD_RUNPATH_SEARCH_PATHS = "$(inherited) @executable_path/Frameworks";
				PRODUCT_BUNDLE_IDENTIFIER = "com.cmcgheit.Watson-Chat";
				PRODUCT_NAME = "$(TARGET_NAME)";
				SDKROOT = iphoneos;
				SWIFT_SWIFT3_OBJC_INFERENCE = On;
				SWIFT_VERSION = 4.2;
			};
			name = Debug;
		};
		6A17C3601EF6EC620047CBA5 /* Release */ = {
			isa = XCBuildConfiguration;
			buildSettings = {
				ASSETCATALOG_COMPILER_APPICON_NAME = AppIcon;
				DEVELOPMENT_TEAM = 48HD6AZC2E;
				FRAMEWORK_SEARCH_PATHS = (
					"$(inherited)",
					"$(PROJECT_DIR)/Carthage/Build/iOS",
					"$(PROJECT_DIR)",
					"$(PROJECT_DIR)/build/Debug-iphoneos",
				);
				INFOPLIST_FILE = "Watson-Chat/Info.plist";
				IPHONEOS_DEPLOYMENT_TARGET = 9.0;
				LD_RUNPATH_SEARCH_PATHS = "$(inherited) @executable_path/Frameworks";
				PRODUCT_BUNDLE_IDENTIFIER = "com.cmcgheit.Watson-Chat";
				PRODUCT_NAME = "$(TARGET_NAME)";
				SDKROOT = iphoneos;
				SWIFT_SWIFT3_OBJC_INFERENCE = On;
				SWIFT_VERSION = 4.2;
			};
			name = Release;
		};
		6A17C3621EF6EC620047CBA5 /* Debug */ = {
			isa = XCBuildConfiguration;
			buildSettings = {
				ALWAYS_EMBED_SWIFT_STANDARD_LIBRARIES = YES;
				BUNDLE_LOADER = "$(TEST_HOST)";
				DEVELOPMENT_TEAM = 48HD6AZC2E;
				INFOPLIST_FILE = "Watson-ChatTests/Info.plist";
				LD_RUNPATH_SEARCH_PATHS = "$(inherited) @executable_path/Frameworks @loader_path/Frameworks";
				PRODUCT_BUNDLE_IDENTIFIER = "com.cmcgheit.Watson-ChatTests";
				PRODUCT_NAME = "$(TARGET_NAME)";
				SWIFT_SWIFT3_OBJC_INFERENCE = On;
				SWIFT_VERSION = 4.2;
				TEST_HOST = "$(BUILT_PRODUCTS_DIR)/Watson-Chat.app/Watson-Chat";
			};
			name = Debug;
		};
		6A17C3631EF6EC620047CBA5 /* Release */ = {
			isa = XCBuildConfiguration;
			buildSettings = {
				ALWAYS_EMBED_SWIFT_STANDARD_LIBRARIES = YES;
				BUNDLE_LOADER = "$(TEST_HOST)";
				DEVELOPMENT_TEAM = 48HD6AZC2E;
				INFOPLIST_FILE = "Watson-ChatTests/Info.plist";
				LD_RUNPATH_SEARCH_PATHS = "$(inherited) @executable_path/Frameworks @loader_path/Frameworks";
				PRODUCT_BUNDLE_IDENTIFIER = "com.cmcgheit.Watson-ChatTests";
				PRODUCT_NAME = "$(TARGET_NAME)";
				SWIFT_SWIFT3_OBJC_INFERENCE = On;
				SWIFT_VERSION = 4.2;
				TEST_HOST = "$(BUILT_PRODUCTS_DIR)/Watson-Chat.app/Watson-Chat";
			};
			name = Release;
		};
/* End XCBuildConfiguration section */

/* Begin XCConfigurationList section */
		6A17C33C1EF6EC5E0047CBA5 /* Build configuration list for PBXProject "Watson-Chat" */ = {
			isa = XCConfigurationList;
			buildConfigurations = (
				6A17C35C1EF6EC620047CBA5 /* Debug */,
				6A17C35D1EF6EC620047CBA5 /* Release */,
			);
			defaultConfigurationIsVisible = 0;
			defaultConfigurationName = Release;
		};
		6A17C35E1EF6EC620047CBA5 /* Build configuration list for PBXNativeTarget "Watson-Chat" */ = {
			isa = XCConfigurationList;
			buildConfigurations = (
				6A17C35F1EF6EC620047CBA5 /* Debug */,
				6A17C3601EF6EC620047CBA5 /* Release */,
			);
			defaultConfigurationIsVisible = 0;
			defaultConfigurationName = Release;
		};
		6A17C3611EF6EC620047CBA5 /* Build configuration list for PBXNativeTarget "Watson-ChatTests" */ = {
			isa = XCConfigurationList;
			buildConfigurations = (
				6A17C3621EF6EC620047CBA5 /* Debug */,
				6A17C3631EF6EC620047CBA5 /* Release */,
			);
			defaultConfigurationIsVisible = 0;
			defaultConfigurationName = Release;
		};
/* End XCConfigurationList section */
	};
	rootObject = 6A17C3391EF6EC5D0047CBA5 /* Project object */;
}
